
Microsoft Visual Studio Solution File, Format Version 12.00
# Visual Studio 15
VisualStudioVersion = 15.0.28307.1340
MinimumVisualStudioVersion = 10.0.40219.1
Project("{8BC9CEB8-8B4A-11D0-8D11-00A0C91BC942}") = "Ch01_Operator_Overloading", "Ch01_Operator_Overloading\Ch01_Operator_Overloading.vcxproj", "{55EE515F-6C11-4C9B-9F35-39C6A148DFD7}"
EndProject
Project("{2150E333-8FDC-42A3-9474-1A3956D46DE8}") = "Solution Items", "Solution Items", "{9A12053F-E6DB-49D1-914D-802F8243CCBF}"
	ProjectSection(SolutionItems) = preProject
		README.md = README.md
	EndProjectSection
EndProject
Project("{8BC9CEB8-8B4A-11D0-8D11-00A0C91BC942}") = "Ch02_Function_Pointer", "Ch02_Function_Pointer\Ch02_Function_Pointer.vcxproj", "{45BCD61D-198D-4D7F-A514-A35AAC8C6919}"
EndProject
Project("{8BC9CEB8-8B4A-11D0-8D11-00A0C91BC942}") = "Ch03_Function_Object", "Ch03_Function_Object\Ch03_Function_Object.vcxproj", "{8C278180-4532-4CC2-B039-89353EDD0EBD}"
EndProject
Project("{8BC9CEB8-8B4A-11D0-8D11-00A0C91BC942}") = "Ch04_Template", "Ch04_Template\Ch04_Template.vcxproj", "{4E521754-DE97-4C50-B32F-3D73F923A7FF}"
EndProject
Project("{8BC9CEB8-8B4A-11D0-8D11-00A0C91BC942}") = "Ch05_What_is_STL", "Ch05_What_is_STL\Ch05_What_is_STL.vcxproj", "{0BFC2D47-851C-4298-A996-5E7933186A71}"
EndProject
Project("{8BC9CEB8-8B4A-11D0-8D11-00A0C91BC942}") = "Ch06_Sequence_Container", "Ch06_Sequence_Container\Ch06_Sequence_Container.vcxproj", "{03920274-5741-47AD-9E79-85272D8595D4}"
EndProject
Project("{8BC9CEB8-8B4A-11D0-8D11-00A0C91BC942}") = "Ch07_Associate_Container", "Ch07_Associate_Container\Ch07_Associate_Container.vcxproj", "{63AC9A2C-2058-43A0-ADAF-04F446336A94}"
EndProject
Project("{8BC9CEB8-8B4A-11D0-8D11-00A0C91BC942}") = "Ch08_Algorithm", "Ch08_Algorithm\Ch08_Algorithm.vcxproj", "{A04BA46C-D445-4C36-A0F4-C06D475B74EB}"
EndProject
Project("{8BC9CEB8-8B4A-11D0-8D11-00A0C91BC942}") = "Ch12_String", "Ch12_String\Ch12_String.vcxproj", "{FDBCD995-42D3-45D6-936B-B68FAF422A5E}"
EndProject
Project("{8BC9CEB8-8B4A-11D0-8D11-00A0C91BC942}") = "Ch09_Function_Object", "Ch09_Function_Object\Ch09_Function_Object.vcxproj", "{C7AE93CD-95AB-46C7-92A2-71FC89943447}"
EndProject
Global
	GlobalSection(SolutionConfigurationPlatforms) = preSolution
		Debug|x64 = Debug|x64
		Debug|x86 = Debug|x86
		Release|x64 = Release|x64
		Release|x86 = Release|x86
	EndGlobalSection
	GlobalSection(ProjectConfigurationPlatforms) = postSolution
		{55EE515F-6C11-4C9B-9F35-39C6A148DFD7}.Debug|x64.ActiveCfg = Debug|x64
		{55EE515F-6C11-4C9B-9F35-39C6A148DFD7}.Debug|x64.Build.0 = Debug|x64
		{55EE515F-6C11-4C9B-9F35-39C6A148DFD7}.Debug|x86.ActiveCfg = Debug|Win32
		{55EE515F-6C11-4C9B-9F35-39C6A148DFD7}.Debug|x86.Build.0 = Debug|Win32
		{55EE515F-6C11-4C9B-9F35-39C6A148DFD7}.Release|x64.ActiveCfg = Release|x64
		{55EE515F-6C11-4C9B-9F35-39C6A148DFD7}.Release|x64.Build.0 = Release|x64
		{55EE515F-6C11-4C9B-9F35-39C6A148DFD7}.Release|x86.ActiveCfg = Release|Win32
		{55EE515F-6C11-4C9B-9F35-39C6A148DFD7}.Release|x86.Build.0 = Release|Win32
		{45BCD61D-198D-4D7F-A514-A35AAC8C6919}.Debug|x64.ActiveCfg = Debug|x64
		{45BCD61D-198D-4D7F-A514-A35AAC8C6919}.Debug|x64.Build.0 = Debug|x64
		{45BCD61D-198D-4D7F-A514-A35AAC8C6919}.Debug|x86.ActiveCfg = Debug|Win32
		{45BCD61D-198D-4D7F-A514-A35AAC8C6919}.Debug|x86.Build.0 = Debug|Win32
		{45BCD61D-198D-4D7F-A514-A35AAC8C6919}.Release|x64.ActiveCfg = Release|x64
		{45BCD61D-198D-4D7F-A514-A35AAC8C6919}.Release|x64.Build.0 = Release|x64
		{45BCD61D-198D-4D7F-A514-A35AAC8C6919}.Release|x86.ActiveCfg = Release|Win32
		{45BCD61D-198D-4D7F-A514-A35AAC8C6919}.Release|x86.Build.0 = Release|Win32
		{8C278180-4532-4CC2-B039-89353EDD0EBD}.Debug|x64.ActiveCfg = Debug|x64
		{8C278180-4532-4CC2-B039-89353EDD0EBD}.Debug|x64.Build.0 = Debug|x64
		{8C278180-4532-4CC2-B039-89353EDD0EBD}.Debug|x86.ActiveCfg = Debug|Win32
		{8C278180-4532-4CC2-B039-89353EDD0EBD}.Debug|x86.Build.0 = Debug|Win32
		{8C278180-4532-4CC2-B039-89353EDD0EBD}.Release|x64.ActiveCfg = Release|x64
		{8C278180-4532-4CC2-B039-89353EDD0EBD}.Release|x64.Build.0 = Release|x64
		{8C278180-4532-4CC2-B039-89353EDD0EBD}.Release|x86.ActiveCfg = Release|Win32
		{8C278180-4532-4CC2-B039-89353EDD0EBD}.Release|x86.Build.0 = Release|Win32
		{4E521754-DE97-4C50-B32F-3D73F923A7FF}.Debug|x64.ActiveCfg = Debug|x64
		{4E521754-DE97-4C50-B32F-3D73F923A7FF}.Debug|x64.Build.0 = Debug|x64
		{4E521754-DE97-4C50-B32F-3D73F923A7FF}.Debug|x86.ActiveCfg = Debug|Win32
		{4E521754-DE97-4C50-B32F-3D73F923A7FF}.Debug|x86.Build.0 = Debug|Win32
		{4E521754-DE97-4C50-B32F-3D73F923A7FF}.Release|x64.ActiveCfg = Release|x64
		{4E521754-DE97-4C50-B32F-3D73F923A7FF}.Release|x64.Build.0 = Release|x64
		{4E521754-DE97-4C50-B32F-3D73F923A7FF}.Release|x86.ActiveCfg = Release|Win32
		{4E521754-DE97-4C50-B32F-3D73F923A7FF}.Release|x86.Build.0 = Release|Win32
		{0BFC2D47-851C-4298-A996-5E7933186A71}.Debug|x64.ActiveCfg = Debug|x64
		{0BFC2D47-851C-4298-A996-5E7933186A71}.Debug|x64.Build.0 = Debug|x64
		{0BFC2D47-851C-4298-A996-5E7933186A71}.Debug|x86.ActiveCfg = Debug|Win32
		{0BFC2D47-851C-4298-A996-5E7933186A71}.Debug|x86.Build.0 = Debug|Win32
		{0BFC2D47-851C-4298-A996-5E7933186A71}.Release|x64.ActiveCfg = Release|x64
		{0BFC2D47-851C-4298-A996-5E7933186A71}.Release|x64.Build.0 = Release|x64
		{0BFC2D47-851C-4298-A996-5E7933186A71}.Release|x86.ActiveCfg = Release|Win32
		{0BFC2D47-851C-4298-A996-5E7933186A71}.Release|x86.Build.0 = Release|Win32
		{03920274-5741-47AD-9E79-85272D8595D4}.Debug|x64.ActiveCfg = Debug|x64
		{03920274-5741-47AD-9E79-85272D8595D4}.Debug|x64.Build.0 = Debug|x64
		{03920274-5741-47AD-9E79-85272D8595D4}.Debug|x86.ActiveCfg = Debug|Win32
		{03920274-5741-47AD-9E79-85272D8595D4}.Debug|x86.Build.0 = Debug|Win32
		{03920274-5741-47AD-9E79-85272D8595D4}.Release|x64.ActiveCfg = Release|x64
		{03920274-5741-47AD-9E79-85272D8595D4}.Release|x64.Build.0 = Release|x64
		{03920274-5741-47AD-9E79-85272D8595D4}.Release|x86.ActiveCfg = Release|Win32
		{03920274-5741-47AD-9E79-85272D8595D4}.Release|x86.Build.0 = Release|Win32
		{63AC9A2C-2058-43A0-ADAF-04F446336A94}.Debug|x64.ActiveCfg = Debug|x64
		{63AC9A2C-2058-43A0-ADAF-04F446336A94}.Debug|x64.Build.0 = Debug|x64
		{63AC9A2C-2058-43A0-ADAF-04F446336A94}.Debug|x86.ActiveCfg = Debug|Win32
		{63AC9A2C-2058-43A0-ADAF-04F446336A94}.Debug|x86.Build.0 = Debug|Win32
		{63AC9A2C-2058-43A0-ADAF-04F446336A94}.Release|x64.ActiveCfg = Release|x64
		{63AC9A2C-2058-43A0-ADAF-04F446336A94}.Release|x64.Build.0 = Release|x64
		{63AC9A2C-2058-43A0-ADAF-04F446336A94}.Release|x86.ActiveCfg = Release|Win32
		{63AC9A2C-2058-43A0-ADAF-04F446336A94}.Release|x86.Build.0 = Release|Win32
		{A04BA46C-D445-4C36-A0F4-C06D475B74EB}.Debug|x64.ActiveCfg = Debug|x64
		{A04BA46C-D445-4C36-A0F4-C06D475B74EB}.Debug|x64.Build.0 = Debug|x64
		{A04BA46C-D445-4C36-A0F4-C06D475B74EB}.Debug|x86.ActiveCfg = Debug|Win32
		{A04BA46C-D445-4C36-A0F4-C06D475B74EB}.Debug|x86.Build.0 = Debug|Win32
		{A04BA46C-D445-4C36-A0F4-C06D475B74EB}.Release|x64.ActiveCfg = Release|x64
		{A04BA46C-D445-4C36-A0F4-C06D475B74EB}.Release|x64.Build.0 = Release|x64
		{A04BA46C-D445-4C36-A0F4-C06D475B74EB}.Release|x86.ActiveCfg = Release|Win32
		{A04BA46C-D445-4C36-A0F4-C06D475B74EB}.Release|x86.Build.0 = Release|Win32
		{FDBCD995-42D3-45D6-936B-B68FAF422A5E}.Debug|x64.ActiveCfg = Debug|x64
		{FDBCD995-42D3-45D6-936B-B68FAF422A5E}.Debug|x64.Build.0 = Debug|x64
		{FDBCD995-42D3-45D6-936B-B68FAF422A5E}.Debug|x86.ActiveCfg = Debug|Win32
		{FDBCD995-42D3-45D6-936B-B68FAF422A5E}.Debug|x86.Build.0 = Debug|Win32
		{FDBCD995-42D3-45D6-936B-B68FAF422A5E}.Release|x64.ActiveCfg = Release|x64
		{FDBCD995-42D3-45D6-936B-B68FAF422A5E}.Release|x64.Build.0 = Release|x64
		{FDBCD995-42D3-45D6-936B-B68FAF422A5E}.Release|x86.ActiveCfg = Release|Win32
		{FDBCD995-42D3-45D6-936B-B68FAF422A5E}.Release|x86.Build.0 = Release|Win32
		{C7AE93CD-95AB-46C7-92A2-71FC89943447}.Debug|x64.ActiveCfg = Debug|x64
		{C7AE93CD-95AB-46C7-92A2-71FC89943447}.Debug|x64.Build.0 = Debug|x64
		{C7AE93CD-95AB-46C7-92A2-71FC89943447}.Debug|x86.ActiveCfg = Debug|Win32
		{C7AE93CD-95AB-46C7-92A2-71FC89943447}.Debug|x86.Build.0 = Debug|Win32
		{C7AE93CD-95AB-46C7-92A2-71FC89943447}.Release|x64.ActiveCfg = Release|x64
		{C7AE93CD-95AB-46C7-92A2-71FC89943447}.Release|x64.Build.0 = Release|x64
		{C7AE93CD-95AB-46C7-92A2-71FC89943447}.Release|x86.ActiveCfg = Release|Win32
		{C7AE93CD-95AB-46C7-92A2-71FC89943447}.Release|x86.Build.0 = Release|Win32
	EndGlobalSection
	GlobalSection(SolutionProperties) = preSolution
		HideSolutionNode = FALSE
	EndGlobalSection
	GlobalSection(ExtensibilityGlobals) = postSolution
		SolutionGuid = {59DE545C-53A0-465D-9B1E-A9CE2A08E514}
	EndGlobalSection
EndGlobal
